
Microsoft Visual Studio Solution File, Format Version 12.00
# Visual Studio Version 16
VisualStudioVersion = 16.0.31729.503
MinimumVisualStudioVersion = 10.0.40219.1
Project("{FAE04EC0-301F-11D3-BF4B-00C04F79EFBC}") = "EsercizioStringhe_9", "EsercizioStringhe_9\EsercizioStringhe_9.csproj", "{DA65F43D-F7AD-43B7-892B-230432E8C6AA}"
EndProject
Global
	GlobalSection(SolutionConfigurationPlatforms) = preSolution
		Debug|Any CPU = Debug|Any CPU
		Release|Any CPU = Release|Any CPU
	EndGlobalSection
	GlobalSection(ProjectConfigurationPlatforms) = postSolution
		{DA65F43D-F7AD-43B7-892B-230432E8C6AA}.Debug|Any CPU.ActiveCfg = Debug|Any CPU
		{DA65F43D-F7AD-43B7-892B-230432E8C6AA}.Debug|Any CPU.Build.0 = Debug|Any CPU
		{DA65F43D-F7AD-43B7-892B-230432E8C6AA}.Release|Any CPU.ActiveCfg = Release|Any CPU
		{DA65F43D-F7AD-43B7-892B-230432E8C6AA}.Release|Any CPU.Build.0 = Release|Any CPU
	EndGlobalSection
	GlobalSection(SolutionProperties) = preSolution
		HideSolutionNode = FALSE
	EndGlobalSection
	GlobalSection(ExtensibilityGlobals) = postSolution
		SolutionGuid = {3C5F7DBE-EE2E-46B5-A2F7-B3CAB917FEFD}
	EndGlobalSection
EndGlobal
